
Microsoft Visual Studio Solution File, Format Version 12.00
# Visual Studio Version 16
VisualStudioVersion = 16.0.30225.117
MinimumVisualStudioVersion = 10.0.40219.1
Project("{9A19103F-16F7-4668-BE54-9A1E7A4F7556}") = "HA.Application", "src\HA.Application\HA.Application.csproj", "{9999DD55-91D0-4C78-9F43-D0D07092C7DC}"
EndProject
Project("{2150E333-8FDC-42A3-9474-1A3956D46DE8}") = "Common", "Common", "{CB46B44A-39E9-4D51-A48F-BF782CFEE371}"
EndProject
Project("{9A19103F-16F7-4668-BE54-9A1E7A4F7556}") = "HA.Domain", "src\HA.Domain\HA.Domain.csproj", "{EA1C4B75-2002-4CF9-89F7-EBC6FB6F32B0}"
EndProject
Project("{9A19103F-16F7-4668-BE54-9A1E7A4F7556}") = "HA.WebAPI", "src\HA.WebAPI\HA.WebAPI.csproj", "{C41C7618-6945-439C-B531-1D2E23AA45FE}"
EndProject
Project("{2150E333-8FDC-42A3-9474-1A3956D46DE8}") = "Host", "Host", "{498C8622-2FDF-4476-90C6-31AA1E97D688}"
EndProject
Project("{9A19103F-16F7-4668-BE54-9A1E7A4F7556}") = "HA.Port.Card", "src\HA.Port.Card\HA.Port.Card.csproj", "{2265D6D7-3A88-4C01-ABB2-C5B33387A94B}"
EndProject
Project("{2150E333-8FDC-42A3-9474-1A3956D46DE8}") = "Port", "Port", "{CC9ECCAD-366F-4456-A6B3-F749B211C838}"
EndProject
Project("{9A19103F-16F7-4668-BE54-9A1E7A4F7556}") = "HA.CrossCuttingConcerns", "src\HA.CrossCuttingConcerns\HA.CrossCuttingConcerns.csproj", "{5CA8BA51-6BDD-412F-B244-E54D5560E62C}"
EndProject
Project("{2150E333-8FDC-42A3-9474-1A3956D46DE8}") = "Card", "Card", "{6C1E315D-7AA2-4F99-9ED0-D2FABC7A3B01}"
EndProject
Project("{9A19103F-16F7-4668-BE54-9A1E7A4F7556}") = "HA.Port.Card.UnitTests", "src\HA.Port.Card.UnitTest\HA.Port.Card.UnitTests.csproj", "{481DF43B-B38A-4793-B7CC-F5AADB1A36EA}"
EndProject
Project("{9A19103F-16F7-4668-BE54-9A1E7A4F7556}") = "HA.Port.Card.IntegrationTests", "src\HA.Port.Card.IntegrationTests\HA.Port.Card.IntegrationTests.csproj", "{50AD8A07-276D-4C46-A19C-A6180AF57D61}"
EndProject
Project("{2150E333-8FDC-42A3-9474-1A3956D46DE8}") = "Deal", "Deal", "{CA9234F5-4D76-4309-8A90-2E6200868652}"
EndProject
Project("{9A19103F-16F7-4668-BE54-9A1E7A4F7556}") = "HA.Port.Deal", "src\HA.Port.Deal\HA.Port.Deal.csproj", "{4C4A3701-EAD1-4B6E-84D1-68DDE72FF06F}"
EndProject
Project("{9A19103F-16F7-4668-BE54-9A1E7A4F7556}") = "HA.Port.Deal.UnitTests", "src\HA.Port.Deal.UnitTests\HA.Port.Deal.UnitTests.csproj", "{B3D04020-B6A2-4C48-909C-6FB273479201}"
EndProject
Project("{9A19103F-16F7-4668-BE54-9A1E7A4F7556}") = "HA.Port.Deal.IntegrationTests", "src\HA.Port.Deal.IntegrationTests\HA.Port.Deal.IntegrationTests.csproj", "{9CC95188-2987-4BFE-90ED-6E38F57A3D0B}"
EndProject
Global
	GlobalSection(SolutionConfigurationPlatforms) = preSolution
		Debug|Any CPU = Debug|Any CPU
		Release|Any CPU = Release|Any CPU
	EndGlobalSection
	GlobalSection(ProjectConfigurationPlatforms) = postSolution
		{9999DD55-91D0-4C78-9F43-D0D07092C7DC}.Debug|Any CPU.ActiveCfg = Debug|Any CPU
		{9999DD55-91D0-4C78-9F43-D0D07092C7DC}.Debug|Any CPU.Build.0 = Debug|Any CPU
		{9999DD55-91D0-4C78-9F43-D0D07092C7DC}.Release|Any CPU.ActiveCfg = Release|Any CPU
		{9999DD55-91D0-4C78-9F43-D0D07092C7DC}.Release|Any CPU.Build.0 = Release|Any CPU
		{EA1C4B75-2002-4CF9-89F7-EBC6FB6F32B0}.Debug|Any CPU.ActiveCfg = Debug|Any CPU
		{EA1C4B75-2002-4CF9-89F7-EBC6FB6F32B0}.Debug|Any CPU.Build.0 = Debug|Any CPU
		{EA1C4B75-2002-4CF9-89F7-EBC6FB6F32B0}.Release|Any CPU.ActiveCfg = Release|Any CPU
		{EA1C4B75-2002-4CF9-89F7-EBC6FB6F32B0}.Release|Any CPU.Build.0 = Release|Any CPU
		{C41C7618-6945-439C-B531-1D2E23AA45FE}.Debug|Any CPU.ActiveCfg = Debug|Any CPU
		{C41C7618-6945-439C-B531-1D2E23AA45FE}.Debug|Any CPU.Build.0 = Debug|Any CPU
		{C41C7618-6945-439C-B531-1D2E23AA45FE}.Release|Any CPU.ActiveCfg = Release|Any CPU
		{C41C7618-6945-439C-B531-1D2E23AA45FE}.Release|Any CPU.Build.0 = Release|Any CPU
		{2265D6D7-3A88-4C01-ABB2-C5B33387A94B}.Debug|Any CPU.ActiveCfg = Debug|Any CPU
		{2265D6D7-3A88-4C01-ABB2-C5B33387A94B}.Debug|Any CPU.Build.0 = Debug|Any CPU
		{2265D6D7-3A88-4C01-ABB2-C5B33387A94B}.Release|Any CPU.ActiveCfg = Release|Any CPU
		{2265D6D7-3A88-4C01-ABB2-C5B33387A94B}.Release|Any CPU.Build.0 = Release|Any CPU
		{5CA8BA51-6BDD-412F-B244-E54D5560E62C}.Debug|Any CPU.ActiveCfg = Debug|Any CPU
		{5CA8BA51-6BDD-412F-B244-E54D5560E62C}.Debug|Any CPU.Build.0 = Debug|Any CPU
		{5CA8BA51-6BDD-412F-B244-E54D5560E62C}.Release|Any CPU.ActiveCfg = Release|Any CPU
		{5CA8BA51-6BDD-412F-B244-E54D5560E62C}.Release|Any CPU.Build.0 = Release|Any CPU
		{481DF43B-B38A-4793-B7CC-F5AADB1A36EA}.Debug|Any CPU.ActiveCfg = Debug|Any CPU
		{481DF43B-B38A-4793-B7CC-F5AADB1A36EA}.Debug|Any CPU.Build.0 = Debug|Any CPU
		{481DF43B-B38A-4793-B7CC-F5AADB1A36EA}.Release|Any CPU.ActiveCfg = Release|Any CPU
		{481DF43B-B38A-4793-B7CC-F5AADB1A36EA}.Release|Any CPU.Build.0 = Release|Any CPU
		{50AD8A07-276D-4C46-A19C-A6180AF57D61}.Debug|Any CPU.ActiveCfg = Debug|Any CPU
		{50AD8A07-276D-4C46-A19C-A6180AF57D61}.Debug|Any CPU.Build.0 = Debug|Any CPU
		{50AD8A07-276D-4C46-A19C-A6180AF57D61}.Release|Any CPU.ActiveCfg = Release|Any CPU
		{50AD8A07-276D-4C46-A19C-A6180AF57D61}.Release|Any CPU.Build.0 = Release|Any CPU
		{4C4A3701-EAD1-4B6E-84D1-68DDE72FF06F}.Debug|Any CPU.ActiveCfg = Debug|Any CPU
		{4C4A3701-EAD1-4B6E-84D1-68DDE72FF06F}.Debug|Any CPU.Build.0 = Debug|Any CPU
		{4C4A3701-EAD1-4B6E-84D1-68DDE72FF06F}.Release|Any CPU.ActiveCfg = Release|Any CPU
		{4C4A3701-EAD1-4B6E-84D1-68DDE72FF06F}.Release|Any CPU.Build.0 = Release|Any CPU
		{B3D04020-B6A2-4C48-909C-6FB273479201}.Debug|Any CPU.ActiveCfg = Debug|Any CPU
		{B3D04020-B6A2-4C48-909C-6FB273479201}.Debug|Any CPU.Build.0 = Debug|Any CPU
		{B3D04020-B6A2-4C48-909C-6FB273479201}.Release|Any CPU.ActiveCfg = Release|Any CPU
		{B3D04020-B6A2-4C48-909C-6FB273479201}.Release|Any CPU.Build.0 = Release|Any CPU
		{9CC95188-2987-4BFE-90ED-6E38F57A3D0B}.Debug|Any CPU.ActiveCfg = Debug|Any CPU
		{9CC95188-2987-4BFE-90ED-6E38F57A3D0B}.Debug|Any CPU.Build.0 = Debug|Any CPU
		{9CC95188-2987-4BFE-90ED-6E38F57A3D0B}.Release|Any CPU.ActiveCfg = Release|Any CPU
		{9CC95188-2987-4BFE-90ED-6E38F57A3D0B}.Release|Any CPU.Build.0 = Release|Any CPU
	EndGlobalSection
	GlobalSection(SolutionProperties) = preSolution
		HideSolutionNode = FALSE
	EndGlobalSection
	GlobalSection(NestedProjects) = preSolution
		{9999DD55-91D0-4C78-9F43-D0D07092C7DC} = {CB46B44A-39E9-4D51-A48F-BF782CFEE371}
		{EA1C4B75-2002-4CF9-89F7-EBC6FB6F32B0} = {CB46B44A-39E9-4D51-A48F-BF782CFEE371}
		{C41C7618-6945-439C-B531-1D2E23AA45FE} = {498C8622-2FDF-4476-90C6-31AA1E97D688}
		{2265D6D7-3A88-4C01-ABB2-C5B33387A94B} = {6C1E315D-7AA2-4F99-9ED0-D2FABC7A3B01}
		{5CA8BA51-6BDD-412F-B244-E54D5560E62C} = {CB46B44A-39E9-4D51-A48F-BF782CFEE371}
		{6C1E315D-7AA2-4F99-9ED0-D2FABC7A3B01} = {CC9ECCAD-366F-4456-A6B3-F749B211C838}
		{481DF43B-B38A-4793-B7CC-F5AADB1A36EA} = {6C1E315D-7AA2-4F99-9ED0-D2FABC7A3B01}
		{50AD8A07-276D-4C46-A19C-A6180AF57D61} = {6C1E315D-7AA2-4F99-9ED0-D2FABC7A3B01}
		{CA9234F5-4D76-4309-8A90-2E6200868652} = {CC9ECCAD-366F-4456-A6B3-F749B211C838}
		{4C4A3701-EAD1-4B6E-84D1-68DDE72FF06F} = {CA9234F5-4D76-4309-8A90-2E6200868652}
		{B3D04020-B6A2-4C48-909C-6FB273479201} = {CA9234F5-4D76-4309-8A90-2E6200868652}
		{9CC95188-2987-4BFE-90ED-6E38F57A3D0B} = {CA9234F5-4D76-4309-8A90-2E6200868652}
	EndGlobalSection
	GlobalSection(ExtensibilityGlobals) = postSolution
		SolutionGuid = {0B762816-5F18-4C46-BCB4-C0E2E37C61B8}
	EndGlobalSection
EndGlobal
