
Microsoft Visual Studio Solution File, Format Version 12.00
# Visual Studio Version 16
VisualStudioVersion = 16.0.30225.117
MinimumVisualStudioVersion = 10.0.40219.1
Project("{9A19103F-16F7-4668-BE54-9A1E7A4F7556}") = "HA.Domain", "src\HA.Domain\HA.Domain.csproj", "{F5A4869E-5E00-430B-8BFA-E73F1FBEC75E}"
EndProject
Project("{9A19103F-16F7-4668-BE54-9A1E7A4F7556}") = "HA.Application", "src\HA.Application\HA.Application.csproj", "{2ABB1A87-C12F-49F6-B673-5139B4F13606}"
EndProject
Project("{9A19103F-16F7-4668-BE54-9A1E7A4F7556}") = "HA.Module.Persistence", "src\HA.Adapter.Persistence\HA.Module.Persistence.csproj", "{F7B35304-7785-47D4-9239-64FADFB9CA5D}"
EndProject
Project("{9A19103F-16F7-4668-BE54-9A1E7A4F7556}") = "HA.DatabaseMigration", "src\HA.DatabaseMigration\HA.DatabaseMigration.csproj", "{AD1F253B-2634-467C-BFA4-AD9319CA3AFF}"
EndProject
Project("{9A19103F-16F7-4668-BE54-9A1E7A4F7556}") = "HA.WebAPI", "src\HA.WebAPI\HA.WebAPI.csproj", "{FF90BAD1-56E8-4351-8CDB-F62B7E6CAFE7}"
EndProject
Project("{9A19103F-16F7-4668-BE54-9A1E7A4F7556}") = "HA.Module.Deal", "src\HA.Adapter.DealModule\HA.Module.Deal.csproj", "{3116E006-C9B8-4FA3-B61A-533AF18AE153}"
EndProject
Project("{2150E333-8FDC-42A3-9474-1A3956D46DE8}") = "Core", "Core", "{F609564E-8C33-4F72-9DC7-4E13D9D52CA3}"
EndProject
Project("{2150E333-8FDC-42A3-9474-1A3956D46DE8}") = "Host", "Host", "{71022FAB-B94F-49F7-B44A-ED52288F792D}"
EndProject
Project("{2150E333-8FDC-42A3-9474-1A3956D46DE8}") = "Modules", "Modules", "{CE1B7235-D02E-406B-A05E-BE1B0CFD96D1}"
EndProject
Project("{2150E333-8FDC-42A3-9474-1A3956D46DE8}") = "DealModule", "DealModule", "{11A8E1B9-2B97-4D7C-B34A-C66FAFFF9015}"
EndProject
Project("{2150E333-8FDC-42A3-9474-1A3956D46DE8}") = "DatabaseModule", "DatabaseModule", "{F64CC1CD-DA16-4E69-91B5-8CCA545A6544}"
EndProject
Project("{2150E333-8FDC-42A3-9474-1A3956D46DE8}") = "Test", "Test", "{CE2B18FD-E675-431A-8654-8FCA55485E99}"
EndProject
Project("{9A19103F-16F7-4668-BE54-9A1E7A4F7556}") = "HA.Module.Persistence.Unit.Test", "src\HA.Adapter.Persistence.Unit.Test\HA.Module.Persistence.Unit.Test.csproj", "{27374D26-BB48-4E01-9280-027CEF1BB1B8}"
EndProject
Project("{9A19103F-16F7-4668-BE54-9A1E7A4F7556}") = "HA.Module.Deal.Unit.Test", "src\HA.Adapter.DealModule.Unit.Test\HA.Module.Deal.Unit.Test.csproj", "{F48B6F9A-F1E1-4F6C-8926-0DCCF8B3BBCE}"
EndProject
Project("{9A19103F-16F7-4668-BE54-9A1E7A4F7556}") = "HA.Application.Unit.Test", "src\HA.Application.Unit.Test\HA.Application.Unit.Test.csproj", "{84733491-76A1-41D9-8D94-2FDC3E8D8F17}"
EndProject
Project("{9A19103F-16F7-4668-BE54-9A1E7A4F7556}") = "HA.Domain.Unit.Test", "src\HA.Domain.Unit.Test\HA.Domain.Unit.Test.csproj", "{BA6B2B02-E20C-4E1C-96E9-54BFFAFA9704}"
EndProject
Project("{9A19103F-16F7-4668-BE54-9A1E7A4F7556}") = "HA.WebAPI.Integration.Test", "src\HA.WebAPI.Integration.Test\HA.WebAPI.Integration.Test.csproj", "{2AAFB4A6-51AC-4ED6-9866-574D2A323E7B}"
EndProject
Project("{9A19103F-16F7-4668-BE54-9A1E7A4F7556}") = "HA.GraphQL", "src\HA.GraphQL\HA.GraphQL.csproj", "{47A10ED5-CF64-4E8F-9E5D-8D4E9FC2D53E}"
EndProject
Global
	GlobalSection(SolutionConfigurationPlatforms) = preSolution
		Debug|Any CPU = Debug|Any CPU
		Release|Any CPU = Release|Any CPU
	EndGlobalSection
	GlobalSection(ProjectConfigurationPlatforms) = postSolution
		{F5A4869E-5E00-430B-8BFA-E73F1FBEC75E}.Debug|Any CPU.ActiveCfg = Debug|Any CPU
		{F5A4869E-5E00-430B-8BFA-E73F1FBEC75E}.Debug|Any CPU.Build.0 = Debug|Any CPU
		{F5A4869E-5E00-430B-8BFA-E73F1FBEC75E}.Release|Any CPU.ActiveCfg = Release|Any CPU
		{F5A4869E-5E00-430B-8BFA-E73F1FBEC75E}.Release|Any CPU.Build.0 = Release|Any CPU
		{2ABB1A87-C12F-49F6-B673-5139B4F13606}.Debug|Any CPU.ActiveCfg = Debug|Any CPU
		{2ABB1A87-C12F-49F6-B673-5139B4F13606}.Debug|Any CPU.Build.0 = Debug|Any CPU
		{2ABB1A87-C12F-49F6-B673-5139B4F13606}.Release|Any CPU.ActiveCfg = Release|Any CPU
		{2ABB1A87-C12F-49F6-B673-5139B4F13606}.Release|Any CPU.Build.0 = Release|Any CPU
		{F7B35304-7785-47D4-9239-64FADFB9CA5D}.Debug|Any CPU.ActiveCfg = Debug|Any CPU
		{F7B35304-7785-47D4-9239-64FADFB9CA5D}.Debug|Any CPU.Build.0 = Debug|Any CPU
		{F7B35304-7785-47D4-9239-64FADFB9CA5D}.Release|Any CPU.ActiveCfg = Release|Any CPU
		{F7B35304-7785-47D4-9239-64FADFB9CA5D}.Release|Any CPU.Build.0 = Release|Any CPU
		{AD1F253B-2634-467C-BFA4-AD9319CA3AFF}.Debug|Any CPU.ActiveCfg = Debug|Any CPU
		{AD1F253B-2634-467C-BFA4-AD9319CA3AFF}.Debug|Any CPU.Build.0 = Debug|Any CPU
		{AD1F253B-2634-467C-BFA4-AD9319CA3AFF}.Release|Any CPU.ActiveCfg = Release|Any CPU
		{AD1F253B-2634-467C-BFA4-AD9319CA3AFF}.Release|Any CPU.Build.0 = Release|Any CPU
		{FF90BAD1-56E8-4351-8CDB-F62B7E6CAFE7}.Debug|Any CPU.ActiveCfg = Debug|Any CPU
		{FF90BAD1-56E8-4351-8CDB-F62B7E6CAFE7}.Debug|Any CPU.Build.0 = Debug|Any CPU
		{FF90BAD1-56E8-4351-8CDB-F62B7E6CAFE7}.Release|Any CPU.ActiveCfg = Release|Any CPU
		{FF90BAD1-56E8-4351-8CDB-F62B7E6CAFE7}.Release|Any CPU.Build.0 = Release|Any CPU
		{3116E006-C9B8-4FA3-B61A-533AF18AE153}.Debug|Any CPU.ActiveCfg = Debug|Any CPU
		{3116E006-C9B8-4FA3-B61A-533AF18AE153}.Debug|Any CPU.Build.0 = Debug|Any CPU
		{3116E006-C9B8-4FA3-B61A-533AF18AE153}.Release|Any CPU.ActiveCfg = Release|Any CPU
		{3116E006-C9B8-4FA3-B61A-533AF18AE153}.Release|Any CPU.Build.0 = Release|Any CPU
		{27374D26-BB48-4E01-9280-027CEF1BB1B8}.Debug|Any CPU.ActiveCfg = Debug|Any CPU
		{27374D26-BB48-4E01-9280-027CEF1BB1B8}.Debug|Any CPU.Build.0 = Debug|Any CPU
		{27374D26-BB48-4E01-9280-027CEF1BB1B8}.Release|Any CPU.ActiveCfg = Release|Any CPU
		{27374D26-BB48-4E01-9280-027CEF1BB1B8}.Release|Any CPU.Build.0 = Release|Any CPU
		{F48B6F9A-F1E1-4F6C-8926-0DCCF8B3BBCE}.Debug|Any CPU.ActiveCfg = Debug|Any CPU
		{F48B6F9A-F1E1-4F6C-8926-0DCCF8B3BBCE}.Debug|Any CPU.Build.0 = Debug|Any CPU
		{F48B6F9A-F1E1-4F6C-8926-0DCCF8B3BBCE}.Release|Any CPU.ActiveCfg = Release|Any CPU
		{F48B6F9A-F1E1-4F6C-8926-0DCCF8B3BBCE}.Release|Any CPU.Build.0 = Release|Any CPU
		{84733491-76A1-41D9-8D94-2FDC3E8D8F17}.Debug|Any CPU.ActiveCfg = Debug|Any CPU
		{84733491-76A1-41D9-8D94-2FDC3E8D8F17}.Debug|Any CPU.Build.0 = Debug|Any CPU
		{84733491-76A1-41D9-8D94-2FDC3E8D8F17}.Release|Any CPU.ActiveCfg = Release|Any CPU
		{84733491-76A1-41D9-8D94-2FDC3E8D8F17}.Release|Any CPU.Build.0 = Release|Any CPU
		{BA6B2B02-E20C-4E1C-96E9-54BFFAFA9704}.Debug|Any CPU.ActiveCfg = Debug|Any CPU
		{BA6B2B02-E20C-4E1C-96E9-54BFFAFA9704}.Debug|Any CPU.Build.0 = Debug|Any CPU
		{BA6B2B02-E20C-4E1C-96E9-54BFFAFA9704}.Release|Any CPU.ActiveCfg = Release|Any CPU
		{BA6B2B02-E20C-4E1C-96E9-54BFFAFA9704}.Release|Any CPU.Build.0 = Release|Any CPU
		{2AAFB4A6-51AC-4ED6-9866-574D2A323E7B}.Debug|Any CPU.ActiveCfg = Debug|Any CPU
		{2AAFB4A6-51AC-4ED6-9866-574D2A323E7B}.Debug|Any CPU.Build.0 = Debug|Any CPU
		{2AAFB4A6-51AC-4ED6-9866-574D2A323E7B}.Release|Any CPU.ActiveCfg = Release|Any CPU
		{2AAFB4A6-51AC-4ED6-9866-574D2A323E7B}.Release|Any CPU.Build.0 = Release|Any CPU
		{47A10ED5-CF64-4E8F-9E5D-8D4E9FC2D53E}.Debug|Any CPU.ActiveCfg = Debug|Any CPU
		{47A10ED5-CF64-4E8F-9E5D-8D4E9FC2D53E}.Debug|Any CPU.Build.0 = Debug|Any CPU
		{47A10ED5-CF64-4E8F-9E5D-8D4E9FC2D53E}.Release|Any CPU.ActiveCfg = Release|Any CPU
		{47A10ED5-CF64-4E8F-9E5D-8D4E9FC2D53E}.Release|Any CPU.Build.0 = Release|Any CPU
	EndGlobalSection
	GlobalSection(SolutionProperties) = preSolution
		HideSolutionNode = FALSE
	EndGlobalSection
	GlobalSection(NestedProjects) = preSolution
		{F5A4869E-5E00-430B-8BFA-E73F1FBEC75E} = {F609564E-8C33-4F72-9DC7-4E13D9D52CA3}
		{2ABB1A87-C12F-49F6-B673-5139B4F13606} = {F609564E-8C33-4F72-9DC7-4E13D9D52CA3}
		{F7B35304-7785-47D4-9239-64FADFB9CA5D} = {F64CC1CD-DA16-4E69-91B5-8CCA545A6544}
		{AD1F253B-2634-467C-BFA4-AD9319CA3AFF} = {71022FAB-B94F-49F7-B44A-ED52288F792D}
		{FF90BAD1-56E8-4351-8CDB-F62B7E6CAFE7} = {71022FAB-B94F-49F7-B44A-ED52288F792D}
		{3116E006-C9B8-4FA3-B61A-533AF18AE153} = {11A8E1B9-2B97-4D7C-B34A-C66FAFFF9015}
		{11A8E1B9-2B97-4D7C-B34A-C66FAFFF9015} = {CE1B7235-D02E-406B-A05E-BE1B0CFD96D1}
		{F64CC1CD-DA16-4E69-91B5-8CCA545A6544} = {CE1B7235-D02E-406B-A05E-BE1B0CFD96D1}
		{27374D26-BB48-4E01-9280-027CEF1BB1B8} = {F64CC1CD-DA16-4E69-91B5-8CCA545A6544}
		{F48B6F9A-F1E1-4F6C-8926-0DCCF8B3BBCE} = {11A8E1B9-2B97-4D7C-B34A-C66FAFFF9015}
		{84733491-76A1-41D9-8D94-2FDC3E8D8F17} = {CE2B18FD-E675-431A-8654-8FCA55485E99}
		{BA6B2B02-E20C-4E1C-96E9-54BFFAFA9704} = {CE2B18FD-E675-431A-8654-8FCA55485E99}
		{2AAFB4A6-51AC-4ED6-9866-574D2A323E7B} = {CE2B18FD-E675-431A-8654-8FCA55485E99}
		{47A10ED5-CF64-4E8F-9E5D-8D4E9FC2D53E} = {71022FAB-B94F-49F7-B44A-ED52288F792D}
	EndGlobalSection
	GlobalSection(ExtensibilityGlobals) = postSolution
		SolutionGuid = {1589379E-12F3-40CE-83E4-44A39591685D}
	EndGlobalSection
EndGlobal
